
Microsoft Visual Studio Solution File, Format Version 12.00
# Visual Studio 2012
Project("{FAE04EC0-301F-11D3-BF4B-00C04F79EFBC}") = "DeapExtensions.Binding.Droid", "DeapExtensions.Binding.Droid.csproj", "{7413758D-463F-48FB-9E7A-88099EDFF3D6}"
EndProject
Project("{FAE04EC0-301F-11D3-BF4B-00C04F79EFBC}") = "DeapExtensions.Binding", "..\DeapExtensions.Binding\DeapExtensions.Binding.csproj", "{75DCA85B-5F0C-4096-85DC-4CF4241354E7}"
EndProject
Project("{2150E333-8FDC-42A3-9474-1A3956D46DE8}") = ".nuget", ".nuget", "{09D41B6D-1672-4ABD-B636-089E53CE6837}"
	ProjectSection(SolutionItems) = preProject
		.nuget\NuGet.Config = .nuget\NuGet.Config
		.nuget\NuGet.exe = .nuget\NuGet.exe
		.nuget\NuGet.targets = .nuget\NuGet.targets
	EndProjectSection
EndProject
Global
	GlobalSection(SolutionConfigurationPlatforms) = preSolution
		Debug|Any CPU = Debug|Any CPU
		Release|Any CPU = Release|Any CPU
	EndGlobalSection
	GlobalSection(ProjectConfigurationPlatforms) = postSolution
		{7413758D-463F-48FB-9E7A-88099EDFF3D6}.Debug|Any CPU.ActiveCfg = Debug|Any CPU
		{7413758D-463F-48FB-9E7A-88099EDFF3D6}.Debug|Any CPU.Build.0 = Debug|Any CPU
		{7413758D-463F-48FB-9E7A-88099EDFF3D6}.Release|Any CPU.ActiveCfg = Release|Any CPU
		{7413758D-463F-48FB-9E7A-88099EDFF3D6}.Release|Any CPU.Build.0 = Release|Any CPU
		{75DCA85B-5F0C-4096-85DC-4CF4241354E7}.Debug|Any CPU.ActiveCfg = Debug|Any CPU
		{75DCA85B-5F0C-4096-85DC-4CF4241354E7}.Debug|Any CPU.Build.0 = Debug|Any CPU
		{75DCA85B-5F0C-4096-85DC-4CF4241354E7}.Release|Any CPU.ActiveCfg = Release|Any CPU
		{75DCA85B-5F0C-4096-85DC-4CF4241354E7}.Release|Any CPU.Build.0 = Release|Any CPU
	EndGlobalSection
	GlobalSection(SolutionProperties) = preSolution
		HideSolutionNode = FALSE
	EndGlobalSection
EndGlobal
